
Microsoft Visual Studio Solution File, Format Version 11.00
# Visual Studio 2010
Project("{2150E333-8FDC-42A3-9474-1A3956D46DE8}") = "Cream Samples", "Cream Samples", "{241A9F78-072E-4212-84A0-ACF30CC63F45}"
EndProject
Project("{FAE04EC0-301F-11D3-BF4B-00C04F79EFBC}") = "Family", "Cream Samples\Family\Family.csproj", "{A761A690-2FF6-4F6B-8BAE-2658629945D6}"
EndProject
Project("{FAE04EC0-301F-11D3-BF4B-00C04F79EFBC}") = "FirstStep", "Cream Samples\FirstStep\FirstStep.csproj", "{7B28B67E-ADA3-40FC-A679-E393FFD3016F}"
EndProject
Project("{FAE04EC0-301F-11D3-BF4B-00C04F79EFBC}") = "FourColor", "Cream Samples\FourColor\FourColor.csproj", "{58AA3248-D036-484B-84C3-A086E2D43F8F}"
EndProject
Project("{FAE04EC0-301F-11D3-BF4B-00C04F79EFBC}") = "FT06", "Cream Samples\FT06\FT06.csproj", "{3B90AC88-FEDD-467F-A2AB-8A4B15577C31}"
EndProject
Project("{FAE04EC0-301F-11D3-BF4B-00C04F79EFBC}") = "Golomb", "Cream Samples\Golomb\Golomb.csproj", "{C9231AA3-0541-43A5-954C-D44B05C7762A}"
EndProject
Project("{FAE04EC0-301F-11D3-BF4B-00C04F79EFBC}") = "JSSP", "Cream Samples\JSSP\JSSP.csproj", "{6066E570-1767-4B53-9D1B-3E79CDF45DAA}"
EndProject
Project("{FAE04EC0-301F-11D3-BF4B-00C04F79EFBC}") = "Magic", "Cream Samples\Magic\Magic.csproj", "{EDE3201C-CEFB-44B9-8823-0FA407FF064F}"
EndProject
Project("{FAE04EC0-301F-11D3-BF4B-00C04F79EFBC}") = "Magic3", "Cream Samples\Magic3\Magic3.csproj", "{9733AAA0-D782-4E87-AA18-1BA84007A850}"
EndProject
Project("{FAE04EC0-301F-11D3-BF4B-00C04F79EFBC}") = "MainMenu", "Cream Samples\MainMenu\MainMenu.csproj", "{C3E5D20E-4E29-4975-88F7-296E92A23B67}"
EndProject
Project("{FAE04EC0-301F-11D3-BF4B-00C04F79EFBC}") = "Museum", "Cream Samples\Museum\Museum.csproj", "{580ED3F5-5B98-4977-990E-C43D428FFFE5}"
EndProject
Project("{FAE04EC0-301F-11D3-BF4B-00C04F79EFBC}") = "NFractionPuzzle", "Cream Samples\NFractionPuzzle\NFractionPuzzle.csproj", "{38DA4E8B-4E4C-470F-A4CB-47DC1C9E4E49}"
EndProject
Project("{FAE04EC0-301F-11D3-BF4B-00C04F79EFBC}") = "ProductionPlanning", "Cream Samples\ProductionPlanning\ProductionPlanning.csproj", "{81435C5C-EC88-4E58-9182-E8F2E340A3D1}"
EndProject
Project("{FAE04EC0-301F-11D3-BF4B-00C04F79EFBC}") = "QueensGame", "Cream Samples\QueensGame\QueensGame.csproj", "{F7DBBA12-5EAE-4AC0-AAC7-B283809C65AF}"
EndProject
Project("{FAE04EC0-301F-11D3-BF4B-00C04F79EFBC}") = "SevenEleven", "Cream Samples\SevenEleven\SevenEleven.csproj", "{51148A1A-B831-4F05-A9FE-1F3DCB59AD6F}"
EndProject
Project("{FAE04EC0-301F-11D3-BF4B-00C04F79EFBC}") = "SoccerGame", "Cream Samples\SoccerGame\SoccerGame.csproj", "{70350692-E498-4D80-8F20-9D0A19F605F7}"
EndProject
Project("{FAE04EC0-301F-11D3-BF4B-00C04F79EFBC}") = "SudokuGame", "Cream Samples\SudokuGame\SudokuGame.csproj", "{610194AA-C66F-4FD4-B68A-2BF0D748A11C}"
EndProject
Project("{8BC9CEB8-8B4A-11D0-8D11-00A0C91BC942}") = "GCCTCSP", "Cream Samples\TCSPGenerator\TCSPGenerator.vcxproj", "{E64EB0F7-7399-4566-BCA4-1E6AD24F4C41}"
EndProject
Project("{FAE04EC0-301F-11D3-BF4B-00C04F79EFBC}") = "VariousExamples", "Cream Samples\VariousExamples\VariousExamples.csproj", "{0982E2CA-4629-42A6-8AD1-0A8265081C02}"
EndProject
Project("{2150E333-8FDC-42A3-9474-1A3956D46DE8}") = "Course Assignment", "Course Assignment", "{4F866ABE-F726-4FE3-991F-C518CE740299}"
EndProject
Project("{FAE04EC0-301F-11D3-BF4B-00C04F79EFBC}") = "ClassLibrary", "Course Assignment\ClassLibrary\ClassLibrary.csproj", "{4042990D-3C02-403C-AAFE-500296C8E0C5}"
EndProject
Project("{FAE04EC0-301F-11D3-BF4B-00C04F79EFBC}") = "DataAccessLayer", "Course Assignment\DataAccessLayer\DataAccessLayer.csproj", "{9256464D-58CD-449E-94E5-38C7BABC0A81}"
EndProject
Project("{FAE04EC0-301F-11D3-BF4B-00C04F79EFBC}") = "TAPS.MVC", "Course Assignment\TAPS.MVC\TAPS.MVC.csproj", "{DBD99209-777B-4209-8C05-72C0C6E32507}"
EndProject
Project("{2150E333-8FDC-42A3-9474-1A3956D46DE8}") = "Tests", "Tests", "{854D132A-BE16-4003-BE0C-08A5F725FB60}"
EndProject
Project("{FAE04EC0-301F-11D3-BF4B-00C04F79EFBC}") = "DataAccessLayerTest", "Course Assignment\DataAccessLayerTest\DataAccessLayerTest.csproj", "{988677C8-226F-4D16-8DF7-52388BA536C4}"
EndProject
Project("{FAE04EC0-301F-11D3-BF4B-00C04F79EFBC}") = "Cream", "Cream\Cream.csproj", "{D915FB60-2389-4DE1-BFA3-6D2BA30ACE0A}"
EndProject
Global
	GlobalSection(SolutionConfigurationPlatforms) = preSolution
		Debug|Any CPU = Debug|Any CPU
		Debug|Mixed Platforms = Debug|Mixed Platforms
		Debug|Win32 = Debug|Win32
		Debug|x86 = Debug|x86
		Release|Any CPU = Release|Any CPU
		Release|Mixed Platforms = Release|Mixed Platforms
		Release|Win32 = Release|Win32
		Release|x86 = Release|x86
	EndGlobalSection
	GlobalSection(ProjectConfigurationPlatforms) = postSolution
		{A761A690-2FF6-4F6B-8BAE-2658629945D6}.Debug|Any CPU.ActiveCfg = Debug|Any CPU
		{A761A690-2FF6-4F6B-8BAE-2658629945D6}.Debug|Any CPU.Build.0 = Debug|Any CPU
		{A761A690-2FF6-4F6B-8BAE-2658629945D6}.Debug|Mixed Platforms.ActiveCfg = Debug|Any CPU
		{A761A690-2FF6-4F6B-8BAE-2658629945D6}.Debug|Mixed Platforms.Build.0 = Debug|Any CPU
		{A761A690-2FF6-4F6B-8BAE-2658629945D6}.Debug|Win32.ActiveCfg = Debug|Any CPU
		{A761A690-2FF6-4F6B-8BAE-2658629945D6}.Debug|x86.ActiveCfg = Debug|Any CPU
		{A761A690-2FF6-4F6B-8BAE-2658629945D6}.Release|Any CPU.ActiveCfg = Release|Any CPU
		{A761A690-2FF6-4F6B-8BAE-2658629945D6}.Release|Any CPU.Build.0 = Release|Any CPU
		{A761A690-2FF6-4F6B-8BAE-2658629945D6}.Release|Mixed Platforms.ActiveCfg = Release|Any CPU
		{A761A690-2FF6-4F6B-8BAE-2658629945D6}.Release|Mixed Platforms.Build.0 = Release|Any CPU
		{A761A690-2FF6-4F6B-8BAE-2658629945D6}.Release|Win32.ActiveCfg = Release|Any CPU
		{A761A690-2FF6-4F6B-8BAE-2658629945D6}.Release|x86.ActiveCfg = Release|Any CPU
		{7B28B67E-ADA3-40FC-A679-E393FFD3016F}.Debug|Any CPU.ActiveCfg = Debug|Any CPU
		{7B28B67E-ADA3-40FC-A679-E393FFD3016F}.Debug|Any CPU.Build.0 = Debug|Any CPU
		{7B28B67E-ADA3-40FC-A679-E393FFD3016F}.Debug|Mixed Platforms.ActiveCfg = Debug|Any CPU
		{7B28B67E-ADA3-40FC-A679-E393FFD3016F}.Debug|Mixed Platforms.Build.0 = Debug|Any CPU
		{7B28B67E-ADA3-40FC-A679-E393FFD3016F}.Debug|Win32.ActiveCfg = Debug|Any CPU
		{7B28B67E-ADA3-40FC-A679-E393FFD3016F}.Debug|x86.ActiveCfg = Debug|Any CPU
		{7B28B67E-ADA3-40FC-A679-E393FFD3016F}.Release|Any CPU.ActiveCfg = Release|Any CPU
		{7B28B67E-ADA3-40FC-A679-E393FFD3016F}.Release|Any CPU.Build.0 = Release|Any CPU
		{7B28B67E-ADA3-40FC-A679-E393FFD3016F}.Release|Mixed Platforms.ActiveCfg = Release|Any CPU
		{7B28B67E-ADA3-40FC-A679-E393FFD3016F}.Release|Mixed Platforms.Build.0 = Release|Any CPU
		{7B28B67E-ADA3-40FC-A679-E393FFD3016F}.Release|Win32.ActiveCfg = Release|Any CPU
		{7B28B67E-ADA3-40FC-A679-E393FFD3016F}.Release|x86.ActiveCfg = Release|Any CPU
		{58AA3248-D036-484B-84C3-A086E2D43F8F}.Debug|Any CPU.ActiveCfg = Debug|Any CPU
		{58AA3248-D036-484B-84C3-A086E2D43F8F}.Debug|Any CPU.Build.0 = Debug|Any CPU
		{58AA3248-D036-484B-84C3-A086E2D43F8F}.Debug|Mixed Platforms.ActiveCfg = Debug|Any CPU
		{58AA3248-D036-484B-84C3-A086E2D43F8F}.Debug|Mixed Platforms.Build.0 = Debug|Any CPU
		{58AA3248-D036-484B-84C3-A086E2D43F8F}.Debug|Win32.ActiveCfg = Debug|Any CPU
		{58AA3248-D036-484B-84C3-A086E2D43F8F}.Debug|x86.ActiveCfg = Debug|Any CPU
		{58AA3248-D036-484B-84C3-A086E2D43F8F}.Release|Any CPU.ActiveCfg = Release|Any CPU
		{58AA3248-D036-484B-84C3-A086E2D43F8F}.Release|Any CPU.Build.0 = Release|Any CPU
		{58AA3248-D036-484B-84C3-A086E2D43F8F}.Release|Mixed Platforms.ActiveCfg = Release|Any CPU
		{58AA3248-D036-484B-84C3-A086E2D43F8F}.Release|Mixed Platforms.Build.0 = Release|Any CPU
		{58AA3248-D036-484B-84C3-A086E2D43F8F}.Release|Win32.ActiveCfg = Release|Any CPU
		{58AA3248-D036-484B-84C3-A086E2D43F8F}.Release|x86.ActiveCfg = Release|Any CPU
		{3B90AC88-FEDD-467F-A2AB-8A4B15577C31}.Debug|Any CPU.ActiveCfg = Debug|Any CPU
		{3B90AC88-FEDD-467F-A2AB-8A4B15577C31}.Debug|Any CPU.Build.0 = Debug|Any CPU
		{3B90AC88-FEDD-467F-A2AB-8A4B15577C31}.Debug|Mixed Platforms.ActiveCfg = Debug|Any CPU
		{3B90AC88-FEDD-467F-A2AB-8A4B15577C31}.Debug|Mixed Platforms.Build.0 = Debug|Any CPU
		{3B90AC88-FEDD-467F-A2AB-8A4B15577C31}.Debug|Win32.ActiveCfg = Debug|Any CPU
		{3B90AC88-FEDD-467F-A2AB-8A4B15577C31}.Debug|x86.ActiveCfg = Debug|Any CPU
		{3B90AC88-FEDD-467F-A2AB-8A4B15577C31}.Release|Any CPU.ActiveCfg = Release|Any CPU
		{3B90AC88-FEDD-467F-A2AB-8A4B15577C31}.Release|Any CPU.Build.0 = Release|Any CPU
		{3B90AC88-FEDD-467F-A2AB-8A4B15577C31}.Release|Mixed Platforms.ActiveCfg = Release|Any CPU
		{3B90AC88-FEDD-467F-A2AB-8A4B15577C31}.Release|Mixed Platforms.Build.0 = Release|Any CPU
		{3B90AC88-FEDD-467F-A2AB-8A4B15577C31}.Release|Win32.ActiveCfg = Release|Any CPU
		{3B90AC88-FEDD-467F-A2AB-8A4B15577C31}.Release|x86.ActiveCfg = Release|Any CPU
		{C9231AA3-0541-43A5-954C-D44B05C7762A}.Debug|Any CPU.ActiveCfg = Debug|Any CPU
		{C9231AA3-0541-43A5-954C-D44B05C7762A}.Debug|Any CPU.Build.0 = Debug|Any CPU
		{C9231AA3-0541-43A5-954C-D44B05C7762A}.Debug|Mixed Platforms.ActiveCfg = Debug|Any CPU
		{C9231AA3-0541-43A5-954C-D44B05C7762A}.Debug|Mixed Platforms.Build.0 = Debug|Any CPU
		{C9231AA3-0541-43A5-954C-D44B05C7762A}.Debug|Win32.ActiveCfg = Debug|Any CPU
		{C9231AA3-0541-43A5-954C-D44B05C7762A}.Debug|x86.ActiveCfg = Debug|Any CPU
		{C9231AA3-0541-43A5-954C-D44B05C7762A}.Release|Any CPU.ActiveCfg = Release|Any CPU
		{C9231AA3-0541-43A5-954C-D44B05C7762A}.Release|Any CPU.Build.0 = Release|Any CPU
		{C9231AA3-0541-43A5-954C-D44B05C7762A}.Release|Mixed Platforms.ActiveCfg = Release|Any CPU
		{C9231AA3-0541-43A5-954C-D44B05C7762A}.Release|Mixed Platforms.Build.0 = Release|Any CPU
		{C9231AA3-0541-43A5-954C-D44B05C7762A}.Release|Win32.ActiveCfg = Release|Any CPU
		{C9231AA3-0541-43A5-954C-D44B05C7762A}.Release|x86.ActiveCfg = Release|Any CPU
		{6066E570-1767-4B53-9D1B-3E79CDF45DAA}.Debug|Any CPU.ActiveCfg = Debug|Any CPU
		{6066E570-1767-4B53-9D1B-3E79CDF45DAA}.Debug|Any CPU.Build.0 = Debug|Any CPU
		{6066E570-1767-4B53-9D1B-3E79CDF45DAA}.Debug|Mixed Platforms.ActiveCfg = Debug|Any CPU
		{6066E570-1767-4B53-9D1B-3E79CDF45DAA}.Debug|Mixed Platforms.Build.0 = Debug|Any CPU
		{6066E570-1767-4B53-9D1B-3E79CDF45DAA}.Debug|Win32.ActiveCfg = Debug|Any CPU
		{6066E570-1767-4B53-9D1B-3E79CDF45DAA}.Debug|x86.ActiveCfg = Debug|Any CPU
		{6066E570-1767-4B53-9D1B-3E79CDF45DAA}.Release|Any CPU.ActiveCfg = Release|Any CPU
		{6066E570-1767-4B53-9D1B-3E79CDF45DAA}.Release|Any CPU.Build.0 = Release|Any CPU
		{6066E570-1767-4B53-9D1B-3E79CDF45DAA}.Release|Mixed Platforms.ActiveCfg = Release|Any CPU
		{6066E570-1767-4B53-9D1B-3E79CDF45DAA}.Release|Mixed Platforms.Build.0 = Release|Any CPU
		{6066E570-1767-4B53-9D1B-3E79CDF45DAA}.Release|Win32.ActiveCfg = Release|Any CPU
		{6066E570-1767-4B53-9D1B-3E79CDF45DAA}.Release|x86.ActiveCfg = Release|Any CPU
		{EDE3201C-CEFB-44B9-8823-0FA407FF064F}.Debug|Any CPU.ActiveCfg = Debug|Any CPU
		{EDE3201C-CEFB-44B9-8823-0FA407FF064F}.Debug|Any CPU.Build.0 = Debug|Any CPU
		{EDE3201C-CEFB-44B9-8823-0FA407FF064F}.Debug|Mixed Platforms.ActiveCfg = Debug|Any CPU
		{EDE3201C-CEFB-44B9-8823-0FA407FF064F}.Debug|Mixed Platforms.Build.0 = Debug|Any CPU
		{EDE3201C-CEFB-44B9-8823-0FA407FF064F}.Debug|Win32.ActiveCfg = Debug|Any CPU
		{EDE3201C-CEFB-44B9-8823-0FA407FF064F}.Debug|x86.ActiveCfg = Debug|Any CPU
		{EDE3201C-CEFB-44B9-8823-0FA407FF064F}.Release|Any CPU.ActiveCfg = Release|Any CPU
		{EDE3201C-CEFB-44B9-8823-0FA407FF064F}.Release|Any CPU.Build.0 = Release|Any CPU
		{EDE3201C-CEFB-44B9-8823-0FA407FF064F}.Release|Mixed Platforms.ActiveCfg = Release|Any CPU
		{EDE3201C-CEFB-44B9-8823-0FA407FF064F}.Release|Mixed Platforms.Build.0 = Release|Any CPU
		{EDE3201C-CEFB-44B9-8823-0FA407FF064F}.Release|Win32.ActiveCfg = Release|Any CPU
		{EDE3201C-CEFB-44B9-8823-0FA407FF064F}.Release|x86.ActiveCfg = Release|Any CPU
		{9733AAA0-D782-4E87-AA18-1BA84007A850}.Debug|Any CPU.ActiveCfg = Debug|Any CPU
		{9733AAA0-D782-4E87-AA18-1BA84007A850}.Debug|Any CPU.Build.0 = Debug|Any CPU
		{9733AAA0-D782-4E87-AA18-1BA84007A850}.Debug|Mixed Platforms.ActiveCfg = Debug|Any CPU
		{9733AAA0-D782-4E87-AA18-1BA84007A850}.Debug|Mixed Platforms.Build.0 = Debug|Any CPU
		{9733AAA0-D782-4E87-AA18-1BA84007A850}.Debug|Win32.ActiveCfg = Debug|Any CPU
		{9733AAA0-D782-4E87-AA18-1BA84007A850}.Debug|x86.ActiveCfg = Debug|Any CPU
		{9733AAA0-D782-4E87-AA18-1BA84007A850}.Release|Any CPU.ActiveCfg = Release|Any CPU
		{9733AAA0-D782-4E87-AA18-1BA84007A850}.Release|Any CPU.Build.0 = Release|Any CPU
		{9733AAA0-D782-4E87-AA18-1BA84007A850}.Release|Mixed Platforms.ActiveCfg = Release|Any CPU
		{9733AAA0-D782-4E87-AA18-1BA84007A850}.Release|Mixed Platforms.Build.0 = Release|Any CPU
		{9733AAA0-D782-4E87-AA18-1BA84007A850}.Release|Win32.ActiveCfg = Release|Any CPU
		{9733AAA0-D782-4E87-AA18-1BA84007A850}.Release|x86.ActiveCfg = Release|Any CPU
		{C3E5D20E-4E29-4975-88F7-296E92A23B67}.Debug|Any CPU.ActiveCfg = Debug|Any CPU
		{C3E5D20E-4E29-4975-88F7-296E92A23B67}.Debug|Any CPU.Build.0 = Debug|Any CPU
		{C3E5D20E-4E29-4975-88F7-296E92A23B67}.Debug|Mixed Platforms.ActiveCfg = Debug|Any CPU
		{C3E5D20E-4E29-4975-88F7-296E92A23B67}.Debug|Mixed Platforms.Build.0 = Debug|Any CPU
		{C3E5D20E-4E29-4975-88F7-296E92A23B67}.Debug|Win32.ActiveCfg = Debug|Any CPU
		{C3E5D20E-4E29-4975-88F7-296E92A23B67}.Debug|x86.ActiveCfg = Debug|Any CPU
		{C3E5D20E-4E29-4975-88F7-296E92A23B67}.Release|Any CPU.ActiveCfg = Release|Any CPU
		{C3E5D20E-4E29-4975-88F7-296E92A23B67}.Release|Any CPU.Build.0 = Release|Any CPU
		{C3E5D20E-4E29-4975-88F7-296E92A23B67}.Release|Mixed Platforms.ActiveCfg = Release|Any CPU
		{C3E5D20E-4E29-4975-88F7-296E92A23B67}.Release|Mixed Platforms.Build.0 = Release|Any CPU
		{C3E5D20E-4E29-4975-88F7-296E92A23B67}.Release|Win32.ActiveCfg = Release|Any CPU
		{C3E5D20E-4E29-4975-88F7-296E92A23B67}.Release|x86.ActiveCfg = Release|Any CPU
		{580ED3F5-5B98-4977-990E-C43D428FFFE5}.Debug|Any CPU.ActiveCfg = Debug|Any CPU
		{580ED3F5-5B98-4977-990E-C43D428FFFE5}.Debug|Any CPU.Build.0 = Debug|Any CPU
		{580ED3F5-5B98-4977-990E-C43D428FFFE5}.Debug|Mixed Platforms.ActiveCfg = Debug|Any CPU
		{580ED3F5-5B98-4977-990E-C43D428FFFE5}.Debug|Mixed Platforms.Build.0 = Debug|Any CPU
		{580ED3F5-5B98-4977-990E-C43D428FFFE5}.Debug|Win32.ActiveCfg = Debug|Any CPU
		{580ED3F5-5B98-4977-990E-C43D428FFFE5}.Debug|x86.ActiveCfg = Debug|Any CPU
		{580ED3F5-5B98-4977-990E-C43D428FFFE5}.Release|Any CPU.ActiveCfg = Release|Any CPU
		{580ED3F5-5B98-4977-990E-C43D428FFFE5}.Release|Any CPU.Build.0 = Release|Any CPU
		{580ED3F5-5B98-4977-990E-C43D428FFFE5}.Release|Mixed Platforms.ActiveCfg = Release|Any CPU
		{580ED3F5-5B98-4977-990E-C43D428FFFE5}.Release|Mixed Platforms.Build.0 = Release|Any CPU
		{580ED3F5-5B98-4977-990E-C43D428FFFE5}.Release|Win32.ActiveCfg = Release|Any CPU
		{580ED3F5-5B98-4977-990E-C43D428FFFE5}.Release|x86.ActiveCfg = Release|Any CPU
		{38DA4E8B-4E4C-470F-A4CB-47DC1C9E4E49}.Debug|Any CPU.ActiveCfg = Debug|Any CPU
		{38DA4E8B-4E4C-470F-A4CB-47DC1C9E4E49}.Debug|Any CPU.Build.0 = Debug|Any CPU
		{38DA4E8B-4E4C-470F-A4CB-47DC1C9E4E49}.Debug|Mixed Platforms.ActiveCfg = Debug|Any CPU
		{38DA4E8B-4E4C-470F-A4CB-47DC1C9E4E49}.Debug|Mixed Platforms.Build.0 = Debug|Any CPU
		{38DA4E8B-4E4C-470F-A4CB-47DC1C9E4E49}.Debug|Win32.ActiveCfg = Debug|Any CPU
		{38DA4E8B-4E4C-470F-A4CB-47DC1C9E4E49}.Debug|x86.ActiveCfg = Debug|Any CPU
		{38DA4E8B-4E4C-470F-A4CB-47DC1C9E4E49}.Release|Any CPU.ActiveCfg = Release|Any CPU
		{38DA4E8B-4E4C-470F-A4CB-47DC1C9E4E49}.Release|Any CPU.Build.0 = Release|Any CPU
		{38DA4E8B-4E4C-470F-A4CB-47DC1C9E4E49}.Release|Mixed Platforms.ActiveCfg = Release|Any CPU
		{38DA4E8B-4E4C-470F-A4CB-47DC1C9E4E49}.Release|Mixed Platforms.Build.0 = Release|Any CPU
		{38DA4E8B-4E4C-470F-A4CB-47DC1C9E4E49}.Release|Win32.ActiveCfg = Release|Any CPU
		{38DA4E8B-4E4C-470F-A4CB-47DC1C9E4E49}.Release|x86.ActiveCfg = Release|Any CPU
		{81435C5C-EC88-4E58-9182-E8F2E340A3D1}.Debug|Any CPU.ActiveCfg = Debug|Any CPU
		{81435C5C-EC88-4E58-9182-E8F2E340A3D1}.Debug|Any CPU.Build.0 = Debug|Any CPU
		{81435C5C-EC88-4E58-9182-E8F2E340A3D1}.Debug|Mixed Platforms.ActiveCfg = Debug|Any CPU
		{81435C5C-EC88-4E58-9182-E8F2E340A3D1}.Debug|Mixed Platforms.Build.0 = Debug|Any CPU
		{81435C5C-EC88-4E58-9182-E8F2E340A3D1}.Debug|Win32.ActiveCfg = Debug|Any CPU
		{81435C5C-EC88-4E58-9182-E8F2E340A3D1}.Debug|x86.ActiveCfg = Debug|Any CPU
		{81435C5C-EC88-4E58-9182-E8F2E340A3D1}.Release|Any CPU.ActiveCfg = Release|Any CPU
		{81435C5C-EC88-4E58-9182-E8F2E340A3D1}.Release|Any CPU.Build.0 = Release|Any CPU
		{81435C5C-EC88-4E58-9182-E8F2E340A3D1}.Release|Mixed Platforms.ActiveCfg = Release|Any CPU
		{81435C5C-EC88-4E58-9182-E8F2E340A3D1}.Release|Mixed Platforms.Build.0 = Release|Any CPU
		{81435C5C-EC88-4E58-9182-E8F2E340A3D1}.Release|Win32.ActiveCfg = Release|Any CPU
		{81435C5C-EC88-4E58-9182-E8F2E340A3D1}.Release|x86.ActiveCfg = Release|Any CPU
		{F7DBBA12-5EAE-4AC0-AAC7-B283809C65AF}.Debug|Any CPU.ActiveCfg = Debug|Any CPU
		{F7DBBA12-5EAE-4AC0-AAC7-B283809C65AF}.Debug|Any CPU.Build.0 = Debug|Any CPU
		{F7DBBA12-5EAE-4AC0-AAC7-B283809C65AF}.Debug|Mixed Platforms.ActiveCfg = Debug|Any CPU
		{F7DBBA12-5EAE-4AC0-AAC7-B283809C65AF}.Debug|Mixed Platforms.Build.0 = Debug|Any CPU
		{F7DBBA12-5EAE-4AC0-AAC7-B283809C65AF}.Debug|Win32.ActiveCfg = Debug|Any CPU
		{F7DBBA12-5EAE-4AC0-AAC7-B283809C65AF}.Debug|x86.ActiveCfg = Debug|Any CPU
		{F7DBBA12-5EAE-4AC0-AAC7-B283809C65AF}.Release|Any CPU.ActiveCfg = Release|Any CPU
		{F7DBBA12-5EAE-4AC0-AAC7-B283809C65AF}.Release|Any CPU.Build.0 = Release|Any CPU
		{F7DBBA12-5EAE-4AC0-AAC7-B283809C65AF}.Release|Mixed Platforms.ActiveCfg = Release|Any CPU
		{F7DBBA12-5EAE-4AC0-AAC7-B283809C65AF}.Release|Mixed Platforms.Build.0 = Release|Any CPU
		{F7DBBA12-5EAE-4AC0-AAC7-B283809C65AF}.Release|Win32.ActiveCfg = Release|Any CPU
		{F7DBBA12-5EAE-4AC0-AAC7-B283809C65AF}.Release|x86.ActiveCfg = Release|Any CPU
		{51148A1A-B831-4F05-A9FE-1F3DCB59AD6F}.Debug|Any CPU.ActiveCfg = Debug|Any CPU
		{51148A1A-B831-4F05-A9FE-1F3DCB59AD6F}.Debug|Any CPU.Build.0 = Debug|Any CPU
		{51148A1A-B831-4F05-A9FE-1F3DCB59AD6F}.Debug|Mixed Platforms.ActiveCfg = Debug|Any CPU
		{51148A1A-B831-4F05-A9FE-1F3DCB59AD6F}.Debug|Mixed Platforms.Build.0 = Debug|Any CPU
		{51148A1A-B831-4F05-A9FE-1F3DCB59AD6F}.Debug|Win32.ActiveCfg = Debug|Any CPU
		{51148A1A-B831-4F05-A9FE-1F3DCB59AD6F}.Debug|x86.ActiveCfg = Debug|Any CPU
		{51148A1A-B831-4F05-A9FE-1F3DCB59AD6F}.Release|Any CPU.ActiveCfg = Release|Any CPU
		{51148A1A-B831-4F05-A9FE-1F3DCB59AD6F}.Release|Any CPU.Build.0 = Release|Any CPU
		{51148A1A-B831-4F05-A9FE-1F3DCB59AD6F}.Release|Mixed Platforms.ActiveCfg = Release|Any CPU
		{51148A1A-B831-4F05-A9FE-1F3DCB59AD6F}.Release|Mixed Platforms.Build.0 = Release|Any CPU
		{51148A1A-B831-4F05-A9FE-1F3DCB59AD6F}.Release|Win32.ActiveCfg = Release|Any CPU
		{51148A1A-B831-4F05-A9FE-1F3DCB59AD6F}.Release|x86.ActiveCfg = Release|Any CPU
		{70350692-E498-4D80-8F20-9D0A19F605F7}.Debug|Any CPU.ActiveCfg = Debug|Any CPU
		{70350692-E498-4D80-8F20-9D0A19F605F7}.Debug|Any CPU.Build.0 = Debug|Any CPU
		{70350692-E498-4D80-8F20-9D0A19F605F7}.Debug|Mixed Platforms.ActiveCfg = Debug|Any CPU
		{70350692-E498-4D80-8F20-9D0A19F605F7}.Debug|Mixed Platforms.Build.0 = Debug|Any CPU
		{70350692-E498-4D80-8F20-9D0A19F605F7}.Debug|Win32.ActiveCfg = Debug|Any CPU
		{70350692-E498-4D80-8F20-9D0A19F605F7}.Debug|x86.ActiveCfg = Debug|Any CPU
		{70350692-E498-4D80-8F20-9D0A19F605F7}.Release|Any CPU.ActiveCfg = Release|Any CPU
		{70350692-E498-4D80-8F20-9D0A19F605F7}.Release|Any CPU.Build.0 = Release|Any CPU
		{70350692-E498-4D80-8F20-9D0A19F605F7}.Release|Mixed Platforms.ActiveCfg = Release|Any CPU
		{70350692-E498-4D80-8F20-9D0A19F605F7}.Release|Mixed Platforms.Build.0 = Release|Any CPU
		{70350692-E498-4D80-8F20-9D0A19F605F7}.Release|Win32.ActiveCfg = Release|Any CPU
		{70350692-E498-4D80-8F20-9D0A19F605F7}.Release|x86.ActiveCfg = Release|Any CPU
		{610194AA-C66F-4FD4-B68A-2BF0D748A11C}.Debug|Any CPU.ActiveCfg = Debug|Any CPU
		{610194AA-C66F-4FD4-B68A-2BF0D748A11C}.Debug|Any CPU.Build.0 = Debug|Any CPU
		{610194AA-C66F-4FD4-B68A-2BF0D748A11C}.Debug|Mixed Platforms.ActiveCfg = Debug|Any CPU
		{610194AA-C66F-4FD4-B68A-2BF0D748A11C}.Debug|Mixed Platforms.Build.0 = Debug|Any CPU
		{610194AA-C66F-4FD4-B68A-2BF0D748A11C}.Debug|Win32.ActiveCfg = Debug|Any CPU
		{610194AA-C66F-4FD4-B68A-2BF0D748A11C}.Debug|x86.ActiveCfg = Debug|Any CPU
		{610194AA-C66F-4FD4-B68A-2BF0D748A11C}.Release|Any CPU.ActiveCfg = Release|Any CPU
		{610194AA-C66F-4FD4-B68A-2BF0D748A11C}.Release|Any CPU.Build.0 = Release|Any CPU
		{610194AA-C66F-4FD4-B68A-2BF0D748A11C}.Release|Mixed Platforms.ActiveCfg = Release|Any CPU
		{610194AA-C66F-4FD4-B68A-2BF0D748A11C}.Release|Mixed Platforms.Build.0 = Release|Any CPU
		{610194AA-C66F-4FD4-B68A-2BF0D748A11C}.Release|Win32.ActiveCfg = Release|Any CPU
		{610194AA-C66F-4FD4-B68A-2BF0D748A11C}.Release|x86.ActiveCfg = Release|Any CPU
		{E64EB0F7-7399-4566-BCA4-1E6AD24F4C41}.Debug|Any CPU.ActiveCfg = Debug|Win32
		{E64EB0F7-7399-4566-BCA4-1E6AD24F4C41}.Debug|Mixed Platforms.ActiveCfg = Debug|Win32
		{E64EB0F7-7399-4566-BCA4-1E6AD24F4C41}.Debug|Mixed Platforms.Build.0 = Debug|Win32
		{E64EB0F7-7399-4566-BCA4-1E6AD24F4C41}.Debug|Win32.ActiveCfg = Debug|Win32
		{E64EB0F7-7399-4566-BCA4-1E6AD24F4C41}.Debug|Win32.Build.0 = Debug|Win32
		{E64EB0F7-7399-4566-BCA4-1E6AD24F4C41}.Debug|x86.ActiveCfg = Debug|Win32
		{E64EB0F7-7399-4566-BCA4-1E6AD24F4C41}.Release|Any CPU.ActiveCfg = Release|Win32
		{E64EB0F7-7399-4566-BCA4-1E6AD24F4C41}.Release|Mixed Platforms.ActiveCfg = Release|Win32
		{E64EB0F7-7399-4566-BCA4-1E6AD24F4C41}.Release|Mixed Platforms.Build.0 = Release|Win32
		{E64EB0F7-7399-4566-BCA4-1E6AD24F4C41}.Release|Win32.ActiveCfg = Release|Win32
		{E64EB0F7-7399-4566-BCA4-1E6AD24F4C41}.Release|Win32.Build.0 = Release|Win32
		{E64EB0F7-7399-4566-BCA4-1E6AD24F4C41}.Release|x86.ActiveCfg = Release|Win32
		{0982E2CA-4629-42A6-8AD1-0A8265081C02}.Debug|Any CPU.ActiveCfg = Debug|Any CPU
		{0982E2CA-4629-42A6-8AD1-0A8265081C02}.Debug|Any CPU.Build.0 = Debug|Any CPU
		{0982E2CA-4629-42A6-8AD1-0A8265081C02}.Debug|Mixed Platforms.ActiveCfg = Debug|Any CPU
		{0982E2CA-4629-42A6-8AD1-0A8265081C02}.Debug|Mixed Platforms.Build.0 = Debug|Any CPU
		{0982E2CA-4629-42A6-8AD1-0A8265081C02}.Debug|Win32.ActiveCfg = Debug|Any CPU
		{0982E2CA-4629-42A6-8AD1-0A8265081C02}.Debug|x86.ActiveCfg = Debug|Any CPU
		{0982E2CA-4629-42A6-8AD1-0A8265081C02}.Release|Any CPU.ActiveCfg = Release|Any CPU
		{0982E2CA-4629-42A6-8AD1-0A8265081C02}.Release|Any CPU.Build.0 = Release|Any CPU
		{0982E2CA-4629-42A6-8AD1-0A8265081C02}.Release|Mixed Platforms.ActiveCfg = Release|Any CPU
		{0982E2CA-4629-42A6-8AD1-0A8265081C02}.Release|Mixed Platforms.Build.0 = Release|Any CPU
		{0982E2CA-4629-42A6-8AD1-0A8265081C02}.Release|Win32.ActiveCfg = Release|Any CPU
		{0982E2CA-4629-42A6-8AD1-0A8265081C02}.Release|x86.ActiveCfg = Release|Any CPU
		{4042990D-3C02-403C-AAFE-500296C8E0C5}.Debug|Any CPU.ActiveCfg = Debug|Any CPU
		{4042990D-3C02-403C-AAFE-500296C8E0C5}.Debug|Any CPU.Build.0 = Debug|Any CPU
		{4042990D-3C02-403C-AAFE-500296C8E0C5}.Debug|Mixed Platforms.ActiveCfg = Debug|Any CPU
		{4042990D-3C02-403C-AAFE-500296C8E0C5}.Debug|Mixed Platforms.Build.0 = Debug|Any CPU
		{4042990D-3C02-403C-AAFE-500296C8E0C5}.Debug|Win32.ActiveCfg = Debug|Any CPU
		{4042990D-3C02-403C-AAFE-500296C8E0C5}.Debug|x86.ActiveCfg = Debug|Any CPU
		{4042990D-3C02-403C-AAFE-500296C8E0C5}.Release|Any CPU.ActiveCfg = Release|Any CPU
		{4042990D-3C02-403C-AAFE-500296C8E0C5}.Release|Any CPU.Build.0 = Release|Any CPU
		{4042990D-3C02-403C-AAFE-500296C8E0C5}.Release|Mixed Platforms.ActiveCfg = Release|Any CPU
		{4042990D-3C02-403C-AAFE-500296C8E0C5}.Release|Mixed Platforms.Build.0 = Release|Any CPU
		{4042990D-3C02-403C-AAFE-500296C8E0C5}.Release|Win32.ActiveCfg = Release|Any CPU
		{4042990D-3C02-403C-AAFE-500296C8E0C5}.Release|x86.ActiveCfg = Release|Any CPU
		{9256464D-58CD-449E-94E5-38C7BABC0A81}.Debug|Any CPU.ActiveCfg = Debug|Any CPU
		{9256464D-58CD-449E-94E5-38C7BABC0A81}.Debug|Any CPU.Build.0 = Debug|Any CPU
		{9256464D-58CD-449E-94E5-38C7BABC0A81}.Debug|Mixed Platforms.ActiveCfg = Debug|Any CPU
		{9256464D-58CD-449E-94E5-38C7BABC0A81}.Debug|Mixed Platforms.Build.0 = Debug|Any CPU
		{9256464D-58CD-449E-94E5-38C7BABC0A81}.Debug|Win32.ActiveCfg = Debug|Any CPU
		{9256464D-58CD-449E-94E5-38C7BABC0A81}.Debug|x86.ActiveCfg = Debug|Any CPU
		{9256464D-58CD-449E-94E5-38C7BABC0A81}.Release|Any CPU.ActiveCfg = Release|Any CPU
		{9256464D-58CD-449E-94E5-38C7BABC0A81}.Release|Any CPU.Build.0 = Release|Any CPU
		{9256464D-58CD-449E-94E5-38C7BABC0A81}.Release|Mixed Platforms.ActiveCfg = Release|Any CPU
		{9256464D-58CD-449E-94E5-38C7BABC0A81}.Release|Mixed Platforms.Build.0 = Release|Any CPU
		{9256464D-58CD-449E-94E5-38C7BABC0A81}.Release|Win32.ActiveCfg = Release|Any CPU
		{9256464D-58CD-449E-94E5-38C7BABC0A81}.Release|x86.ActiveCfg = Release|Any CPU
		{DBD99209-777B-4209-8C05-72C0C6E32507}.Debug|Any CPU.ActiveCfg = Debug|Any CPU
		{DBD99209-777B-4209-8C05-72C0C6E32507}.Debug|Any CPU.Build.0 = Debug|Any CPU
		{DBD99209-777B-4209-8C05-72C0C6E32507}.Debug|Mixed Platforms.ActiveCfg = Debug|Any CPU
		{DBD99209-777B-4209-8C05-72C0C6E32507}.Debug|Mixed Platforms.Build.0 = Debug|Any CPU
		{DBD99209-777B-4209-8C05-72C0C6E32507}.Debug|Win32.ActiveCfg = Debug|Any CPU
		{DBD99209-777B-4209-8C05-72C0C6E32507}.Debug|x86.ActiveCfg = Debug|Any CPU
		{DBD99209-777B-4209-8C05-72C0C6E32507}.Release|Any CPU.ActiveCfg = Release|Any CPU
		{DBD99209-777B-4209-8C05-72C0C6E32507}.Release|Any CPU.Build.0 = Release|Any CPU
		{DBD99209-777B-4209-8C05-72C0C6E32507}.Release|Mixed Platforms.ActiveCfg = Release|Any CPU
		{DBD99209-777B-4209-8C05-72C0C6E32507}.Release|Mixed Platforms.Build.0 = Release|Any CPU
		{DBD99209-777B-4209-8C05-72C0C6E32507}.Release|Win32.ActiveCfg = Release|Any CPU
		{DBD99209-777B-4209-8C05-72C0C6E32507}.Release|x86.ActiveCfg = Release|Any CPU
		{988677C8-226F-4D16-8DF7-52388BA536C4}.Debug|Any CPU.ActiveCfg = Debug|Any CPU
		{988677C8-226F-4D16-8DF7-52388BA536C4}.Debug|Any CPU.Build.0 = Debug|Any CPU
		{988677C8-226F-4D16-8DF7-52388BA536C4}.Debug|Mixed Platforms.ActiveCfg = Debug|Any CPU
		{988677C8-226F-4D16-8DF7-52388BA536C4}.Debug|Mixed Platforms.Build.0 = Debug|Any CPU
		{988677C8-226F-4D16-8DF7-52388BA536C4}.Debug|Win32.ActiveCfg = Debug|Any CPU
		{988677C8-226F-4D16-8DF7-52388BA536C4}.Debug|x86.ActiveCfg = Debug|Any CPU
		{988677C8-226F-4D16-8DF7-52388BA536C4}.Release|Any CPU.ActiveCfg = Release|Any CPU
		{988677C8-226F-4D16-8DF7-52388BA536C4}.Release|Any CPU.Build.0 = Release|Any CPU
		{988677C8-226F-4D16-8DF7-52388BA536C4}.Release|Mixed Platforms.ActiveCfg = Release|Any CPU
		{988677C8-226F-4D16-8DF7-52388BA536C4}.Release|Mixed Platforms.Build.0 = Release|Any CPU
		{988677C8-226F-4D16-8DF7-52388BA536C4}.Release|Win32.ActiveCfg = Release|Any CPU
		{988677C8-226F-4D16-8DF7-52388BA536C4}.Release|x86.ActiveCfg = Release|Any CPU
		{D915FB60-2389-4DE1-BFA3-6D2BA30ACE0A}.Debug|Any CPU.ActiveCfg = Debug|Any CPU
		{D915FB60-2389-4DE1-BFA3-6D2BA30ACE0A}.Debug|Any CPU.Build.0 = Debug|Any CPU
		{D915FB60-2389-4DE1-BFA3-6D2BA30ACE0A}.Debug|Mixed Platforms.ActiveCfg = Debug|Any CPU
		{D915FB60-2389-4DE1-BFA3-6D2BA30ACE0A}.Debug|Mixed Platforms.Build.0 = Debug|Any CPU
		{D915FB60-2389-4DE1-BFA3-6D2BA30ACE0A}.Debug|Win32.ActiveCfg = Debug|Any CPU
		{D915FB60-2389-4DE1-BFA3-6D2BA30ACE0A}.Debug|x86.ActiveCfg = Debug|Any CPU
		{D915FB60-2389-4DE1-BFA3-6D2BA30ACE0A}.Release|Any CPU.ActiveCfg = Release|Any CPU
		{D915FB60-2389-4DE1-BFA3-6D2BA30ACE0A}.Release|Any CPU.Build.0 = Release|Any CPU
		{D915FB60-2389-4DE1-BFA3-6D2BA30ACE0A}.Release|Mixed Platforms.ActiveCfg = Release|Any CPU
		{D915FB60-2389-4DE1-BFA3-6D2BA30ACE0A}.Release|Mixed Platforms.Build.0 = Release|Any CPU
		{D915FB60-2389-4DE1-BFA3-6D2BA30ACE0A}.Release|Win32.ActiveCfg = Release|Any CPU
		{D915FB60-2389-4DE1-BFA3-6D2BA30ACE0A}.Release|x86.ActiveCfg = Release|Any CPU
	EndGlobalSection
	GlobalSection(SolutionProperties) = preSolution
		HideSolutionNode = FALSE
	EndGlobalSection
	GlobalSection(NestedProjects) = preSolution
		{A761A690-2FF6-4F6B-8BAE-2658629945D6} = {241A9F78-072E-4212-84A0-ACF30CC63F45}
		{7B28B67E-ADA3-40FC-A679-E393FFD3016F} = {241A9F78-072E-4212-84A0-ACF30CC63F45}
		{58AA3248-D036-484B-84C3-A086E2D43F8F} = {241A9F78-072E-4212-84A0-ACF30CC63F45}
		{3B90AC88-FEDD-467F-A2AB-8A4B15577C31} = {241A9F78-072E-4212-84A0-ACF30CC63F45}
		{C9231AA3-0541-43A5-954C-D44B05C7762A} = {241A9F78-072E-4212-84A0-ACF30CC63F45}
		{6066E570-1767-4B53-9D1B-3E79CDF45DAA} = {241A9F78-072E-4212-84A0-ACF30CC63F45}
		{EDE3201C-CEFB-44B9-8823-0FA407FF064F} = {241A9F78-072E-4212-84A0-ACF30CC63F45}
		{9733AAA0-D782-4E87-AA18-1BA84007A850} = {241A9F78-072E-4212-84A0-ACF30CC63F45}
		{C3E5D20E-4E29-4975-88F7-296E92A23B67} = {241A9F78-072E-4212-84A0-ACF30CC63F45}
		{580ED3F5-5B98-4977-990E-C43D428FFFE5} = {241A9F78-072E-4212-84A0-ACF30CC63F45}
		{38DA4E8B-4E4C-470F-A4CB-47DC1C9E4E49} = {241A9F78-072E-4212-84A0-ACF30CC63F45}
		{81435C5C-EC88-4E58-9182-E8F2E340A3D1} = {241A9F78-072E-4212-84A0-ACF30CC63F45}
		{F7DBBA12-5EAE-4AC0-AAC7-B283809C65AF} = {241A9F78-072E-4212-84A0-ACF30CC63F45}
		{51148A1A-B831-4F05-A9FE-1F3DCB59AD6F} = {241A9F78-072E-4212-84A0-ACF30CC63F45}
		{70350692-E498-4D80-8F20-9D0A19F605F7} = {241A9F78-072E-4212-84A0-ACF30CC63F45}
		{610194AA-C66F-4FD4-B68A-2BF0D748A11C} = {241A9F78-072E-4212-84A0-ACF30CC63F45}
		{E64EB0F7-7399-4566-BCA4-1E6AD24F4C41} = {241A9F78-072E-4212-84A0-ACF30CC63F45}
		{0982E2CA-4629-42A6-8AD1-0A8265081C02} = {241A9F78-072E-4212-84A0-ACF30CC63F45}
		{4042990D-3C02-403C-AAFE-500296C8E0C5} = {4F866ABE-F726-4FE3-991F-C518CE740299}
		{9256464D-58CD-449E-94E5-38C7BABC0A81} = {4F866ABE-F726-4FE3-991F-C518CE740299}
		{DBD99209-777B-4209-8C05-72C0C6E32507} = {4F866ABE-F726-4FE3-991F-C518CE740299}
		{854D132A-BE16-4003-BE0C-08A5F725FB60} = {4F866ABE-F726-4FE3-991F-C518CE740299}
		{988677C8-226F-4D16-8DF7-52388BA536C4} = {854D132A-BE16-4003-BE0C-08A5F725FB60}
	EndGlobalSection
EndGlobal
